{
  "name": "age-calulator",
  "version": "1.2.0",
  "lockfileVersion": 2,
  "requires": true,
  "packages": {
    "": {
      "name": "age-calulator",
      "version": "1.2.0",
      "license": "ISC",
      "dependencies": {
        "age-calulator": "^1.2.0"
      }
    },
    "node_modules/age-calulator": {
      "version": "1.2.0",
      "resolved": "https://registry.npmjs.org/age-calulator/-/age-calulator-1.2.0.tgz",
      "integrity": "sha512-uRcbbwFzKyZmZ6GMnprnGtHmmwUzyS3puFiwmxv9JySTLM6aoa1CN6T9VEa0PbSlxtCQ4MiZ4M8sK8UBVtdlkw==",
      "dependencies": {
        "age-calulator": "^1.1.1"
      }
    }
  },
  "dependencies": {
    "age-calulator": {
      "version": "1.2.0",
      "resolved": "https://registry.npmjs.org/age-calulator/-/age-calulator-1.2.0.tgz",
      "integrity": "sha512-uRcbbwFzKyZmZ6GMnprnGtHmmwUzyS3puFiwmxv9JySTLM6aoa1CN6T9VEa0PbSlxtCQ4MiZ4M8sK8UBVtdlkw==",
      "requires": {
        "age-calulator": "^1.1.1"
      }
    }
  }
}
